PODS:
  - AFNetworking (2.4.1):
    - AFNetworking/NSURLConnection
    - AFNetworking/NSURLSession
    - AFNetworking/Reachability
    - AFNetworking/Security
    - AFNetworking/Serialization
    - AFNetworking/UIKit
  - AFNetworking/NSURLConnection (2.4.1):
    - AFNetworking/Reachability
    - AFNetworking/Security
    - AFNetworking/Serialization
  - AFNetworking/NSURLSession (2.4.1):
    - AFNetworking/Reachability
    - AFNetworking/Security
    - AFNetworking/Serialization
  - AFNetworking/Reachability (2.4.1)
  - AFNetworking/Security (2.4.1)
  - AFNetworking/Serialization (2.4.1)
  - AFNetworking/UIKit (2.4.1):
    - AFNetworking/NSURLConnection
    - AFNetworking/NSURLSession
  - FormatterKit (1.7.0):
    - FormatterKit/AddressFormatter
    - FormatterKit/ArrayFormatter
    - FormatterKit/ColorFormatter
    - FormatterKit/LocationFormatter
    - FormatterKit/NameFormatter
    - FormatterKit/OrdinalNumberFormatter
    - FormatterKit/TimeIntervalFormatter
    - FormatterKit/UnitOfInformationFormatter
    - FormatterKit/URLRequestFormatter
  - FormatterKit/AddressFormatter (1.7.0)
  - FormatterKit/ArrayFormatter (1.7.0)
  - FormatterKit/ColorFormatter (1.7.0)
  - FormatterKit/LocationFormatter (1.7.0)
  - FormatterKit/NameFormatter (1.7.0)
  - FormatterKit/OrdinalNumberFormatter (1.7.0)
  - FormatterKit/TimeIntervalFormatter (1.7.0)
  - FormatterKit/UnitOfInformationFormatter (1.7.0)
  - FormatterKit/URLRequestFormatter (1.7.0)
  - MBProgressHUD (0.9)

DEPENDENCIES:
  - AFNetworking (~> 2.0)
  - FormatterKit (~> 1.7.0)
  - MBProgressHUD (~> 0.8)

SPEC CHECKSUMS:
  AFNetworking: 0aabc6fae66d6e5d039eeb21c315843c7aae51ab
  FormatterKit: 846ca773b9daaa13b50ae0df1f4a328d030d859c
  MBProgressHUD: 2038dbcf3dce73215abed6001657043d53aa79a8

COCOAPODS: 0.33.1
